
Microsoft Visual Studio Solution File, Format Version 12.00
# Visual Studio 15
Project("{FAE04EC0-301F-11D3-BF4B-00C04F79EFBC}") = "SoftwareTestingCore", "SoftwareTestingCore\SoftwareTestingCore.csproj", "{8464149E-4309-440B-ADA0-8693E5B4C5FE}"
EndProject
Project("{FAE04EC0-301F-11D3-BF4B-00C04F79EFBC}") = "Tests", "Tests\Tests.csproj", "{A9CA8248-0674-40D5-8FD1-DE5E85A514C8}"
EndProject
Global
	GlobalSection(SolutionConfigurationPlatforms) = preSolution
		Debug|Any CPU = Debug|Any CPU
		Release|Any CPU = Release|Any CPU
	EndGlobalSection
	GlobalSection(ProjectConfigurationPlatforms) = postSolution
		{8464149E-4309-440B-ADA0-8693E5B4C5FE}.Debug|Any CPU.ActiveCfg = Debug|Any CPU
		{8464149E-4309-440B-ADA0-8693E5B4C5FE}.Debug|Any CPU.Build.0 = Debug|Any CPU
		{8464149E-4309-440B-ADA0-8693E5B4C5FE}.Release|Any CPU.ActiveCfg = Release|Any CPU
		{8464149E-4309-440B-ADA0-8693E5B4C5FE}.Release|Any CPU.Build.0 = Release|Any CPU
		{A9CA8248-0674-40D5-8FD1-DE5E85A514C8}.Debug|Any CPU.ActiveCfg = Debug|Any CPU
		{A9CA8248-0674-40D5-8FD1-DE5E85A514C8}.Debug|Any CPU.Build.0 = Debug|Any CPU
		{A9CA8248-0674-40D5-8FD1-DE5E85A514C8}.Release|Any CPU.ActiveCfg = Release|Any CPU
		{A9CA8248-0674-40D5-8FD1-DE5E85A514C8}.Release|Any CPU.Build.0 = Release|Any CPU
	EndGlobalSection
EndGlobal
